Microsoft Visual Studio Solution File, Format Version 12.00
# Visual Studio Version 17
VisualStudioVersion = 17.5.2.0
MinimumVisualStudioVersion = 10.0.40219.1
Project("{FAE04EC0-301F-11D3-BF4B-00C04F79EFBC}") = "MyWebProjectNet6", "MyWebProjectNet6.csproj", "{8E60A03D-C6EF-2D42-947E-659C71FFC9E7}"
EndProject
Global
	GlobalSection(SolutionConfigurationPlatforms) = preSolution
		Debug|Any CPU = Debug|Any CPU
		Release|Any CPU = Release|Any CPU
	EndGlobalSection
	GlobalSection(ProjectConfigurationPlatforms) = postSolution
		{8E60A03D-C6EF-2D42-947E-659C71FFC9E7}.Debug|Any CPU.ActiveCfg = Debug|Any CPU
		{8E60A03D-C6EF-2D42-947E-659C71FFC9E7}.Debug|Any CPU.Build.0 = Debug|Any CPU
		{8E60A03D-C6EF-2D42-947E-659C71FFC9E7}.Release|Any CPU.ActiveCfg = Release|Any CPU
		{8E60A03D-C6EF-2D42-947E-659C71FFC9E7}.Release|Any CPU.Build.0 = Release|Any CPU
	EndGlobalSection
	GlobalSection(SolutionProperties) = preSolution
		HideSolutionNode = FALSE
	EndGlobalSection
	GlobalSection(ExtensibilityGlobals) = postSolution
		SolutionGuid = {747AD098-8599-4540-B04E-4BAC61CD0237}
	EndGlobalSection
EndGlobal
